# THIS IS AN AUTOGENERATED FILE. DO NOT EDIT THIS FILE DIRECTLY.
# yarn lockfile v1


"@sterile/core@^1.1.2":
  version "1.1.2"
  resolved "https://registry.yarnpkg.com/@sterile/core/-/core-1.1.2.tgz#e7ac098d2fe88deca2fb4a6c1586fab088c5221f"
  integrity sha512-s8OYrTWvoyxc/8cbRqmNbvQNizer+TaI9tw/G+x5iEG0fS45ysOO4N29Xkqrvhj0mXkg+tGF+a2xiSItv5/6wQ==
