# THIS IS AN AUTOGENERATED FILE. DO NOT EDIT THIS FILE DIRECTLY.
# yarn lockfile v1


"@sterile/core@^1.1.1":
  version "1.1.1"
  resolved "https://registry.yarnpkg.com/@sterile/core/-/core-1.1.1.tgz#068753ecd35bef3472c20e11d9d761da43d46fa2"
  integrity sha512-t+LkhBj0z2JbdB7uTsRw0Qxt6aFjVLXymc38Dq0pIvUFq/arRQ9NheuRqNGCxCxfWHxaYPVmUGlZAlJJZnn+RA==
